
Microsoft Visual Studio Solution File, Format Version 12.00
# Visual Studio 14
VisualStudioVersion = 14.0.25420.1
MinimumVisualStudioVersion = 10.0.40219.1
Project("{8BC9CEB8-8B4A-11D0-8D11-00A0C91BC942}") = "vector", "vector\vector.vcxproj", "{8B414BBC-E091-4AA9-85E5-0CFB6206CCAC}"
EndProject
Project("{8BC9CEB8-8B4A-11D0-8D11-00A0C91BC942}") = "html_decode", "html_decode\html_decode.vcxproj", "{0F55D328-B97A-46F0-9E8A-A31958F486CA}"
EndProject
Project("{8BC9CEB8-8B4A-11D0-8D11-00A0C91BC942}") = "dictionary", "dictionary\dictionary.vcxproj", "{8BC4BB6B-966E-4D7E-8E6F-B16D5DAA440F}"
EndProject
Project("{8BC9CEB8-8B4A-11D0-8D11-00A0C91BC942}") = "primeNumbers", "primeNumbers\primeNumbers.vcxproj", "{E51B8C07-FF0F-40F9-97DF-3E2962BFFE2D}"
EndProject
Project("{8BC9CEB8-8B4A-11D0-8D11-00A0C91BC942}") = "vectorTest", "vectorTest\vectorTest.vcxproj", "{6ED9706A-3A5F-4F94-8E88-3BE84C30161C}"
EndProject
Project("{8BC9CEB8-8B4A-11D0-8D11-00A0C91BC942}") = "htmlDecodeTests", "htmlDecodeTests\htmlDecodeTests.vcxproj", "{FEF63592-EC98-4FB8-A6C0-5FC942C289D0}"
EndProject
Project("{8BC9CEB8-8B4A-11D0-8D11-00A0C91BC942}") = "primeNumbersTests", "primeNumbersTests\primeNumbersTests.vcxproj", "{2DC0805D-7C6C-4190-A94F-1C078E66B1C7}"
EndProject
Project("{8BC9CEB8-8B4A-11D0-8D11-00A0C91BC942}") = "dictionaryTest", "dictionaryTest\dictionaryTest.vcxproj", "{9231CAE6-2B34-4261-AA86-6B940E7EDA77}"
EndProject
Global
	GlobalSection(SolutionConfigurationPlatforms) = preSolution
		Debug|x64 = Debug|x64
		Debug|x86 = Debug|x86
		Release|x64 = Release|x64
		Release|x86 = Release|x86
	EndGlobalSection
	GlobalSection(ProjectConfigurationPlatforms) = postSolution
		{8B414BBC-E091-4AA9-85E5-0CFB6206CCAC}.Debug|x64.ActiveCfg = Debug|x64
		{8B414BBC-E091-4AA9-85E5-0CFB6206CCAC}.Debug|x64.Build.0 = Debug|x64
		{8B414BBC-E091-4AA9-85E5-0CFB6206CCAC}.Debug|x86.ActiveCfg = Debug|Win32
		{8B414BBC-E091-4AA9-85E5-0CFB6206CCAC}.Debug|x86.Build.0 = Debug|Win32
		{8B414BBC-E091-4AA9-85E5-0CFB6206CCAC}.Release|x64.ActiveCfg = Release|x64
		{8B414BBC-E091-4AA9-85E5-0CFB6206CCAC}.Release|x64.Build.0 = Release|x64
		{8B414BBC-E091-4AA9-85E5-0CFB6206CCAC}.Release|x86.ActiveCfg = Release|Win32
		{8B414BBC-E091-4AA9-85E5-0CFB6206CCAC}.Release|x86.Build.0 = Release|Win32
		{0F55D328-B97A-46F0-9E8A-A31958F486CA}.Debug|x64.ActiveCfg = Debug|x64
		{0F55D328-B97A-46F0-9E8A-A31958F486CA}.Debug|x64.Build.0 = Debug|x64
		{0F55D328-B97A-46F0-9E8A-A31958F486CA}.Debug|x86.ActiveCfg = Debug|Win32
		{0F55D328-B97A-46F0-9E8A-A31958F486CA}.Debug|x86.Build.0 = Debug|Win32
		{0F55D328-B97A-46F0-9E8A-A31958F486CA}.Release|x64.ActiveCfg = Release|x64
		{0F55D328-B97A-46F0-9E8A-A31958F486CA}.Release|x64.Build.0 = Release|x64
		{0F55D328-B97A-46F0-9E8A-A31958F486CA}.Release|x86.ActiveCfg = Release|Win32
		{0F55D328-B97A-46F0-9E8A-A31958F486CA}.Release|x86.Build.0 = Release|Win32
		{8BC4BB6B-966E-4D7E-8E6F-B16D5DAA440F}.Debug|x64.ActiveCfg = Debug|x64
		{8BC4BB6B-966E-4D7E-8E6F-B16D5DAA440F}.Debug|x64.Build.0 = Debug|x64
		{8BC4BB6B-966E-4D7E-8E6F-B16D5DAA440F}.Debug|x86.ActiveCfg = Debug|Win32
		{8BC4BB6B-966E-4D7E-8E6F-B16D5DAA440F}.Debug|x86.Build.0 = Debug|Win32
		{8BC4BB6B-966E-4D7E-8E6F-B16D5DAA440F}.Release|x64.ActiveCfg = Release|x64
		{8BC4BB6B-966E-4D7E-8E6F-B16D5DAA440F}.Release|x64.Build.0 = Release|x64
		{8BC4BB6B-966E-4D7E-8E6F-B16D5DAA440F}.Release|x86.ActiveCfg = Release|Win32
		{8BC4BB6B-966E-4D7E-8E6F-B16D5DAA440F}.Release|x86.Build.0 = Release|Win32
		{E51B8C07-FF0F-40F9-97DF-3E2962BFFE2D}.Debug|x64.ActiveCfg = Debug|x64
		{E51B8C07-FF0F-40F9-97DF-3E2962BFFE2D}.Debug|x64.Build.0 = Debug|x64
		{E51B8C07-FF0F-40F9-97DF-3E2962BFFE2D}.Debug|x86.ActiveCfg = Debug|Win32
		{E51B8C07-FF0F-40F9-97DF-3E2962BFFE2D}.Debug|x86.Build.0 = Debug|Win32
		{E51B8C07-FF0F-40F9-97DF-3E2962BFFE2D}.Release|x64.ActiveCfg = Release|x64
		{E51B8C07-FF0F-40F9-97DF-3E2962BFFE2D}.Release|x64.Build.0 = Release|x64
		{E51B8C07-FF0F-40F9-97DF-3E2962BFFE2D}.Release|x86.ActiveCfg = Release|Win32
		{E51B8C07-FF0F-40F9-97DF-3E2962BFFE2D}.Release|x86.Build.0 = Release|Win32
		{6ED9706A-3A5F-4F94-8E88-3BE84C30161C}.Debug|x64.ActiveCfg = Debug|x64
		{6ED9706A-3A5F-4F94-8E88-3BE84C30161C}.Debug|x64.Build.0 = Debug|x64
		{6ED9706A-3A5F-4F94-8E88-3BE84C30161C}.Debug|x86.ActiveCfg = Debug|Win32
		{6ED9706A-3A5F-4F94-8E88-3BE84C30161C}.Debug|x86.Build.0 = Debug|Win32
		{6ED9706A-3A5F-4F94-8E88-3BE84C30161C}.Release|x64.ActiveCfg = Release|x64
		{6ED9706A-3A5F-4F94-8E88-3BE84C30161C}.Release|x64.Build.0 = Release|x64
		{6ED9706A-3A5F-4F94-8E88-3BE84C30161C}.Release|x86.ActiveCfg = Release|Win32
		{6ED9706A-3A5F-4F94-8E88-3BE84C30161C}.Release|x86.Build.0 = Release|Win32
		{FEF63592-EC98-4FB8-A6C0-5FC942C289D0}.Debug|x64.ActiveCfg = Debug|x64
		{FEF63592-EC98-4FB8-A6C0-5FC942C289D0}.Debug|x64.Build.0 = Debug|x64
		{FEF63592-EC98-4FB8-A6C0-5FC942C289D0}.Debug|x86.ActiveCfg = Debug|Win32
		{FEF63592-EC98-4FB8-A6C0-5FC942C289D0}.Debug|x86.Build.0 = Debug|Win32
		{FEF63592-EC98-4FB8-A6C0-5FC942C289D0}.Release|x64.ActiveCfg = Release|x64
		{FEF63592-EC98-4FB8-A6C0-5FC942C289D0}.Release|x64.Build.0 = Release|x64
		{FEF63592-EC98-4FB8-A6C0-5FC942C289D0}.Release|x86.ActiveCfg = Release|Win32
		{FEF63592-EC98-4FB8-A6C0-5FC942C289D0}.Release|x86.Build.0 = Release|Win32
		{2DC0805D-7C6C-4190-A94F-1C078E66B1C7}.Debug|x64.ActiveCfg = Debug|x64
		{2DC0805D-7C6C-4190-A94F-1C078E66B1C7}.Debug|x64.Build.0 = Debug|x64
		{2DC0805D-7C6C-4190-A94F-1C078E66B1C7}.Debug|x86.ActiveCfg = Debug|Win32
		{2DC0805D-7C6C-4190-A94F-1C078E66B1C7}.Debug|x86.Build.0 = Debug|Win32
		{2DC0805D-7C6C-4190-A94F-1C078E66B1C7}.Release|x64.ActiveCfg = Release|x64
		{2DC0805D-7C6C-4190-A94F-1C078E66B1C7}.Release|x64.Build.0 = Release|x64
		{2DC0805D-7C6C-4190-A94F-1C078E66B1C7}.Release|x86.ActiveCfg = Release|Win32
		{2DC0805D-7C6C-4190-A94F-1C078E66B1C7}.Release|x86.Build.0 = Release|Win32
		{9231CAE6-2B34-4261-AA86-6B940E7EDA77}.Debug|x64.ActiveCfg = Debug|x64
		{9231CAE6-2B34-4261-AA86-6B940E7EDA77}.Debug|x64.Build.0 = Debug|x64
		{9231CAE6-2B34-4261-AA86-6B940E7EDA77}.Debug|x86.ActiveCfg = Debug|Win32
		{9231CAE6-2B34-4261-AA86-6B940E7EDA77}.Debug|x86.Build.0 = Debug|Win32
		{9231CAE6-2B34-4261-AA86-6B940E7EDA77}.Release|x64.ActiveCfg = Release|x64
		{9231CAE6-2B34-4261-AA86-6B940E7EDA77}.Release|x64.Build.0 = Release|x64
		{9231CAE6-2B34-4261-AA86-6B940E7EDA77}.Release|x86.ActiveCfg = Release|Win32
		{9231CAE6-2B34-4261-AA86-6B940E7EDA77}.Release|x86.Build.0 = Release|Win32
	EndGlobalSection
	GlobalSection(SolutionProperties) = preSolution
		HideSolutionNode = FALSE
	EndGlobalSection
EndGlobal
