
Microsoft Visual Studio Solution File, Format Version 12.00
# Visual Studio 14
VisualStudioVersion = 14.0.25420.1
MinimumVisualStudioVersion = 10.0.40219.1
Project("{8BC9CEB8-8B4A-11D0-8D11-00A0C91BC942}") = "lab2", "lab2\lab2.vcxproj", "{66384F36-D6EC-4FD6-A877-0D2C76BFE476}"
EndProject
Project("{8BC9CEB8-8B4A-11D0-8D11-00A0C91BC942}") = "vector", "vector\vector.vcxproj", "{8B414BBC-E091-4AA9-85E5-0CFB6206CCAC}"
EndProject
Project("{8BC9CEB8-8B4A-11D0-8D11-00A0C91BC942}") = "html_decode", "html_decode\html_decode.vcxproj", "{0F55D328-B97A-46F0-9E8A-A31958F486CA}"
EndProject
Global
	GlobalSection(SolutionConfigurationPlatforms) = preSolution
		Debug|x64 = Debug|x64
		Debug|x86 = Debug|x86
		Release|x64 = Release|x64
		Release|x86 = Release|x86
	EndGlobalSection
	GlobalSection(ProjectConfigurationPlatforms) = postSolution
		{66384F36-D6EC-4FD6-A877-0D2C76BFE476}.Debug|x64.ActiveCfg = Debug|x64
		{66384F36-D6EC-4FD6-A877-0D2C76BFE476}.Debug|x64.Build.0 = Debug|x64
		{66384F36-D6EC-4FD6-A877-0D2C76BFE476}.Debug|x86.ActiveCfg = Debug|Win32
		{66384F36-D6EC-4FD6-A877-0D2C76BFE476}.Debug|x86.Build.0 = Debug|Win32
		{66384F36-D6EC-4FD6-A877-0D2C76BFE476}.Release|x64.ActiveCfg = Release|x64
		{66384F36-D6EC-4FD6-A877-0D2C76BFE476}.Release|x64.Build.0 = Release|x64
		{66384F36-D6EC-4FD6-A877-0D2C76BFE476}.Release|x86.ActiveCfg = Release|Win32
		{66384F36-D6EC-4FD6-A877-0D2C76BFE476}.Release|x86.Build.0 = Release|Win32
		{8B414BBC-E091-4AA9-85E5-0CFB6206CCAC}.Debug|x64.ActiveCfg = Debug|x64
		{8B414BBC-E091-4AA9-85E5-0CFB6206CCAC}.Debug|x64.Build.0 = Debug|x64
		{8B414BBC-E091-4AA9-85E5-0CFB6206CCAC}.Debug|x86.ActiveCfg = Debug|Win32
		{8B414BBC-E091-4AA9-85E5-0CFB6206CCAC}.Debug|x86.Build.0 = Debug|Win32
		{8B414BBC-E091-4AA9-85E5-0CFB6206CCAC}.Release|x64.ActiveCfg = Release|x64
		{8B414BBC-E091-4AA9-85E5-0CFB6206CCAC}.Release|x64.Build.0 = Release|x64
		{8B414BBC-E091-4AA9-85E5-0CFB6206CCAC}.Release|x86.ActiveCfg = Release|Win32
		{8B414BBC-E091-4AA9-85E5-0CFB6206CCAC}.Release|x86.Build.0 = Release|Win32
		{0F55D328-B97A-46F0-9E8A-A31958F486CA}.Debug|x64.ActiveCfg = Debug|x64
		{0F55D328-B97A-46F0-9E8A-A31958F486CA}.Debug|x64.Build.0 = Debug|x64
		{0F55D328-B97A-46F0-9E8A-A31958F486CA}.Debug|x86.ActiveCfg = Debug|Win32
		{0F55D328-B97A-46F0-9E8A-A31958F486CA}.Debug|x86.Build.0 = Debug|Win32
		{0F55D328-B97A-46F0-9E8A-A31958F486CA}.Release|x64.ActiveCfg = Release|x64
		{0F55D328-B97A-46F0-9E8A-A31958F486CA}.Release|x64.Build.0 = Release|x64
		{0F55D328-B97A-46F0-9E8A-A31958F486CA}.Release|x86.ActiveCfg = Release|Win32
		{0F55D328-B97A-46F0-9E8A-A31958F486CA}.Release|x86.Build.0 = Release|Win32
	EndGlobalSection
	GlobalSection(SolutionProperties) = preSolution
		HideSolutionNode = FALSE
	EndGlobalSection
EndGlobal
